
Microsoft Visual Studio Solution File, Format Version 12.00
# Visual Studio Version 16
VisualStudioVersion = 16.0.30611.23
MinimumVisualStudioVersion = 10.0.40219.1
Project("{FAE04EC0-301F-11D3-BF4B-00C04F79EFBC}") = "Movie1", "Movie1\Movie1.csproj", "{782016D8-340C-478A-85DC-51584F26FA39}"
EndProject
Project("{FAE04EC0-301F-11D3-BF4B-00C04F79EFBC}") = "UnitTestProject1", "UnitTestProject1\UnitTestProject1.csproj", "{0E65C898-8F14-486A-B4B4-CC97AA79B886}"
EndProject
Global
	GlobalSection(SolutionConfigurationPlatforms) = preSolution
		Debug|Any CPU = Debug|Any CPU
		Release|Any CPU = Release|Any CPU
	EndGlobalSection
	GlobalSection(ProjectConfigurationPlatforms) = postSolution
		{782016D8-340C-478A-85DC-51584F26FA39}.Debug|Any CPU.ActiveCfg = Debug|Any CPU
		{782016D8-340C-478A-85DC-51584F26FA39}.Debug|Any CPU.Build.0 = Debug|Any CPU
		{782016D8-340C-478A-85DC-51584F26FA39}.Release|Any CPU.ActiveCfg = Release|Any CPU
		{782016D8-340C-478A-85DC-51584F26FA39}.Release|Any CPU.Build.0 = Release|Any CPU
		{0E65C898-8F14-486A-B4B4-CC97AA79B886}.Debug|Any CPU.ActiveCfg = Debug|Any CPU
		{0E65C898-8F14-486A-B4B4-CC97AA79B886}.Debug|Any CPU.Build.0 = Debug|Any CPU
		{0E65C898-8F14-486A-B4B4-CC97AA79B886}.Release|Any CPU.ActiveCfg = Release|Any CPU
		{0E65C898-8F14-486A-B4B4-CC97AA79B886}.Release|Any CPU.Build.0 = Release|Any CPU
	EndGlobalSection
	GlobalSection(SolutionProperties) = preSolution
		HideSolutionNode = FALSE
	EndGlobalSection
	GlobalSection(ExtensibilityGlobals) = postSolution
		SolutionGuid = {BE6C2397-EB52-4DF1-BBDD-35C5D3195F41}
	EndGlobalSection
EndGlobal
